
Microsoft Visual Studio Solution File, Format Version 12.00
# Visual Studio Version 17
VisualStudioVersion = 17.5.33502.453
MinimumVisualStudioVersion = 10.0.40219.1
Project("{FAE04EC0-301F-11D3-BF4B-00C04F79EFBC}") = "Bank", "Bank\Bank.csproj", "{8360278F-0065-4E0F-A445-13DA4EFDF0EB}"
EndProject
Project("{FAE04EC0-301F-11D3-BF4B-00C04F79EFBC}") = "Bank.nUnitTests", "Bank.nUnitTests\Bank.nUnitTests.csproj", "{961E192C-8CA1-4FC7-B25F-DC3F6F505F17}"
EndProject
Global
	GlobalSection(SolutionConfigurationPlatforms) = preSolution
		Debug|Any CPU = Debug|Any CPU
		Release|Any CPU = Release|Any CPU
	EndGlobalSection
	GlobalSection(ProjectConfigurationPlatforms) = postSolution
		{8360278F-0065-4E0F-A445-13DA4EFDF0EB}.Debug|Any CPU.ActiveCfg = Debug|Any CPU
		{8360278F-0065-4E0F-A445-13DA4EFDF0EB}.Debug|Any CPU.Build.0 = Debug|Any CPU
		{8360278F-0065-4E0F-A445-13DA4EFDF0EB}.Release|Any CPU.ActiveCfg = Release|Any CPU
		{8360278F-0065-4E0F-A445-13DA4EFDF0EB}.Release|Any CPU.Build.0 = Release|Any CPU
		{961E192C-8CA1-4FC7-B25F-DC3F6F505F17}.Debug|Any CPU.ActiveCfg = Debug|Any CPU
		{961E192C-8CA1-4FC7-B25F-DC3F6F505F17}.Debug|Any CPU.Build.0 = Debug|Any CPU
		{961E192C-8CA1-4FC7-B25F-DC3F6F505F17}.Release|Any CPU.ActiveCfg = Release|Any CPU
		{961E192C-8CA1-4FC7-B25F-DC3F6F505F17}.Release|Any CPU.Build.0 = Release|Any CPU
	EndGlobalSection
	GlobalSection(SolutionProperties) = preSolution
		HideSolutionNode = FALSE
	EndGlobalSection
	GlobalSection(ExtensibilityGlobals) = postSolution
		SolutionGuid = {4D86CB5A-48E5-4A93-9B9E-C6BA2332B286}
	EndGlobalSection
EndGlobal
